
Microsoft Visual Studio Solution File, Format Version 12.00
# Visual Studio Version 18
VisualStudioVersion = 18.0.35312.102
MinimumVisualStudioVersion = 10.0.40219.1
Project("{FAE04EC0-301F-11D3-BF4B-00C04F79EFBC}") = "VetClinic.UI1", "VetClinic.UI1\VetClinic.UI1.csproj", "{711511B6-2327-4BC8-839E-FC52D23C738F}"
EndProject
Global
	GlobalSection(SolutionConfigurationPlatforms) = preSolution
		Debug|Any CPU = Debug|Any CPU
		Release|Any CPU = Release|Any CPU
	EndGlobalSection
	GlobalSection(ProjectConfigurationPlatforms) = postSolution
		{711511B6-2327-4BC8-839E-FC52D23C738F}.Debug|Any CPU.ActiveCfg = Debug|Any CPU
		{711511B6-2327-4BC8-839E-FC52D23C738F}.Debug|Any CPU.Build.0 = Debug|Any CPU
		{711511B6-2327-4BC8-839E-FC52D23C738F}.Release|Any CPU.ActiveCfg = Release|Any CPU
		{711511B6-2327-4BC8-839E-FC52D23C738F}.Release|Any CPU.Build.0 = Release|Any CPU
	EndGlobalSection
	GlobalSection(SolutionProperties) = preSolution
		HideSolutionNode = FALSE
	EndGlobalSection
EndGlobal
